
Microsoft Visual Studio Solution File, Format Version 12.00
# Visual Studio Version 17
VisualStudioVersion = 17.0.31903.59
MinimumVisualStudioVersion = 10.0.40219.1
Project("{2150E333-8FDC-42A3-9474-1A3956D46DE8}") = "src", "src", "{827E0CD3-B72D-47B6-A68D-7590B98EB39B}"
EndProject
Project("{FAE04EC0-301F-11D3-BF4B-00C04F79EFBC}") = "ApiGateway", "src\ApiGateway\ApiGateway.csproj", "{B076BD3E-D7BB-40F2-A1FA-99DC576F3A89}"
EndProject
Project("{FAE04EC0-301F-11D3-BF4B-00C04F79EFBC}") = "UserService.API", "src\UserService.API\UserService.API.csproj", "{DB9B87A8-B0D3-4B94-8601-BF41881F4B83}"
EndProject
Project("{FAE04EC0-301F-11D3-BF4B-00C04F79EFBC}") = "ProductService.API", "src\ProductService.API\ProductService.API.csproj", "{D972C15A-29A2-4AAB-B8B5-5A12E9808E4D}"
EndProject
Project("{FAE04EC0-301F-11D3-BF4B-00C04F79EFBC}") = "OrderService.API", "src\OrderService.API\OrderService.API.csproj", "{F609B1D3-35EB-48AE-8FD1-338DD3B1B9DC}"
EndProject
Project("{FAE04EC0-301F-11D3-BF4B-00C04F79EFBC}") = "PaymentService.API", "src\PaymentService.API\PaymentService.API.csproj", "{53F51FA7-6690-4F93-9A6F-2E5A4B1EA69F}"
EndProject
Project("{FAE04EC0-301F-11D3-BF4B-00C04F79EFBC}") = "SocialService.API", "src\SocialService.API\SocialService.API.csproj", "{8B3DEDDE-15A3-4285-B62E-DF8A00211925}"
EndProject
Project("{FAE04EC0-301F-11D3-BF4B-00C04F79EFBC}") = "CartService.API", "src\CartService.API\CartService.API.csproj", "{8FD5F838-E270-40A7-A27F-06054E1657EE}"
EndProject
Project("{FAE04EC0-301F-11D3-BF4B-00C04F79EFBC}") = "LocationService.API", "src\LocationService.API\LocationService.API.csproj", "{3691B0F4-B9FC-4C81-9362-0670EA03F7FD}"
EndProject
Global
	GlobalSection(SolutionConfigurationPlatforms) = preSolution
		Debug|Any CPU = Debug|Any CPU
		Debug|x64 = Debug|x64
		Debug|x86 = Debug|x86
		Release|Any CPU = Release|Any CPU
		Release|x64 = Release|x64
		Release|x86 = Release|x86
	EndGlobalSection
	GlobalSection(ProjectConfigurationPlatforms) = postSolution
		{B076BD3E-D7BB-40F2-A1FA-99DC576F3A89}.Debug|Any CPU.ActiveCfg = Debug|Any CPU
		{B076BD3E-D7BB-40F2-A1FA-99DC576F3A89}.Debug|Any CPU.Build.0 = Debug|Any CPU
		{B076BD3E-D7BB-40F2-A1FA-99DC576F3A89}.Debug|x64.ActiveCfg = Debug|Any CPU
		{B076BD3E-D7BB-40F2-A1FA-99DC576F3A89}.Debug|x64.Build.0 = Debug|Any CPU
		{B076BD3E-D7BB-40F2-A1FA-99DC576F3A89}.Debug|x86.ActiveCfg = Debug|Any CPU
		{B076BD3E-D7BB-40F2-A1FA-99DC576F3A89}.Debug|x86.Build.0 = Debug|Any CPU
		{B076BD3E-D7BB-40F2-A1FA-99DC576F3A89}.Release|Any CPU.ActiveCfg = Release|Any CPU
		{B076BD3E-D7BB-40F2-A1FA-99DC576F3A89}.Release|Any CPU.Build.0 = Release|Any CPU
		{B076BD3E-D7BB-40F2-A1FA-99DC576F3A89}.Release|x64.ActiveCfg = Release|Any CPU
		{B076BD3E-D7BB-40F2-A1FA-99DC576F3A89}.Release|x64.Build.0 = Release|Any CPU
		{B076BD3E-D7BB-40F2-A1FA-99DC576F3A89}.Release|x86.ActiveCfg = Release|Any CPU
		{B076BD3E-D7BB-40F2-A1FA-99DC576F3A89}.Release|x86.Build.0 = Release|Any CPU
		{DB9B87A8-B0D3-4B94-8601-BF41881F4B83}.Debug|Any CPU.ActiveCfg = Debug|Any CPU
		{DB9B87A8-B0D3-4B94-8601-BF41881F4B83}.Debug|Any CPU.Build.0 = Debug|Any CPU
		{DB9B87A8-B0D3-4B94-8601-BF41881F4B83}.Debug|x64.ActiveCfg = Debug|Any CPU
		{DB9B87A8-B0D3-4B94-8601-BF41881F4B83}.Debug|x64.Build.0 = Debug|Any CPU
		{DB9B87A8-B0D3-4B94-8601-BF41881F4B83}.Debug|x86.ActiveCfg = Debug|Any CPU
		{DB9B87A8-B0D3-4B94-8601-BF41881F4B83}.Debug|x86.Build.0 = Debug|Any CPU
		{DB9B87A8-B0D3-4B94-8601-BF41881F4B83}.Release|Any CPU.ActiveCfg = Release|Any CPU
		{DB9B87A8-B0D3-4B94-8601-BF41881F4B83}.Release|Any CPU.Build.0 = Release|Any CPU
		{DB9B87A8-B0D3-4B94-8601-BF41881F4B83}.Release|x64.ActiveCfg = Release|Any CPU
		{DB9B87A8-B0D3-4B94-8601-BF41881F4B83}.Release|x64.Build.0 = Release|Any CPU
		{DB9B87A8-B0D3-4B94-8601-BF41881F4B83}.Release|x86.ActiveCfg = Release|Any CPU
		{DB9B87A8-B0D3-4B94-8601-BF41881F4B83}.Release|x86.Build.0 = Release|Any CPU
		{D972C15A-29A2-4AAB-B8B5-5A12E9808E4D}.Debug|Any CPU.ActiveCfg = Debug|Any CPU
		{D972C15A-29A2-4AAB-B8B5-5A12E9808E4D}.Debug|Any CPU.Build.0 = Debug|Any CPU
		{D972C15A-29A2-4AAB-B8B5-5A12E9808E4D}.Debug|x64.ActiveCfg = Debug|Any CPU
		{D972C15A-29A2-4AAB-B8B5-5A12E9808E4D}.Debug|x64.Build.0 = Debug|Any CPU
		{D972C15A-29A2-4AAB-B8B5-5A12E9808E4D}.Debug|x86.ActiveCfg = Debug|Any CPU
		{D972C15A-29A2-4AAB-B8B5-5A12E9808E4D}.Debug|x86.Build.0 = Debug|Any CPU
		{D972C15A-29A2-4AAB-B8B5-5A12E9808E4D}.Release|Any CPU.ActiveCfg = Release|Any CPU
		{D972C15A-29A2-4AAB-B8B5-5A12E9808E4D}.Release|Any CPU.Build.0 = Release|Any CPU
		{D972C15A-29A2-4AAB-B8B5-5A12E9808E4D}.Release|x64.ActiveCfg = Release|Any CPU
		{D972C15A-29A2-4AAB-B8B5-5A12E9808E4D}.Release|x64.Build.0 = Release|Any CPU
		{D972C15A-29A2-4AAB-B8B5-5A12E9808E4D}.Release|x86.ActiveCfg = Release|Any CPU
		{D972C15A-29A2-4AAB-B8B5-5A12E9808E4D}.Release|x86.Build.0 = Release|Any CPU
		{F609B1D3-35EB-48AE-8FD1-338DD3B1B9DC}.Debug|Any CPU.ActiveCfg = Debug|Any CPU
		{F609B1D3-35EB-48AE-8FD1-338DD3B1B9DC}.Debug|Any CPU.Build.0 = Debug|Any CPU
		{F609B1D3-35EB-48AE-8FD1-338DD3B1B9DC}.Debug|x64.ActiveCfg = Debug|Any CPU
		{F609B1D3-35EB-48AE-8FD1-338DD3B1B9DC}.Debug|x64.Build.0 = Debug|Any CPU
		{F609B1D3-35EB-48AE-8FD1-338DD3B1B9DC}.Debug|x86.ActiveCfg = Debug|Any CPU
		{F609B1D3-35EB-48AE-8FD1-338DD3B1B9DC}.Debug|x86.Build.0 = Debug|Any CPU
		{F609B1D3-35EB-48AE-8FD1-338DD3B1B9DC}.Release|Any CPU.ActiveCfg = Release|Any CPU
		{F609B1D3-35EB-48AE-8FD1-338DD3B1B9DC}.Release|Any CPU.Build.0 = Release|Any CPU
		{F609B1D3-35EB-48AE-8FD1-338DD3B1B9DC}.Release|x64.ActiveCfg = Release|Any CPU
		{F609B1D3-35EB-48AE-8FD1-338DD3B1B9DC}.Release|x64.Build.0 = Release|Any CPU
		{F609B1D3-35EB-48AE-8FD1-338DD3B1B9DC}.Release|x86.ActiveCfg = Release|Any CPU
		{F609B1D3-35EB-48AE-8FD1-338DD3B1B9DC}.Release|x86.Build.0 = Release|Any CPU
		{53F51FA7-6690-4F93-9A6F-2E5A4B1EA69F}.Debug|Any CPU.ActiveCfg = Debug|Any CPU
		{53F51FA7-6690-4F93-9A6F-2E5A4B1EA69F}.Debug|Any CPU.Build.0 = Debug|Any CPU
		{53F51FA7-6690-4F93-9A6F-2E5A4B1EA69F}.Debug|x64.ActiveCfg = Debug|Any CPU
		{53F51FA7-6690-4F93-9A6F-2E5A4B1EA69F}.Debug|x64.Build.0 = Debug|Any CPU
		{53F51FA7-6690-4F93-9A6F-2E5A4B1EA69F}.Debug|x86.ActiveCfg = Debug|Any CPU
		{53F51FA7-6690-4F93-9A6F-2E5A4B1EA69F}.Debug|x86.Build.0 = Debug|Any CPU
		{53F51FA7-6690-4F93-9A6F-2E5A4B1EA69F}.Release|Any CPU.ActiveCfg = Release|Any CPU
		{53F51FA7-6690-4F93-9A6F-2E5A4B1EA69F}.Release|Any CPU.Build.0 = Release|Any CPU
		{53F51FA7-6690-4F93-9A6F-2E5A4B1EA69F}.Release|x64.ActiveCfg = Release|Any CPU
		{53F51FA7-6690-4F93-9A6F-2E5A4B1EA69F}.Release|x64.Build.0 = Release|Any CPU
		{53F51FA7-6690-4F93-9A6F-2E5A4B1EA69F}.Release|x86.ActiveCfg = Release|Any CPU
		{53F51FA7-6690-4F93-9A6F-2E5A4B1EA69F}.Release|x86.Build.0 = Release|Any CPU
		{8B3DEDDE-15A3-4285-B62E-DF8A00211925}.Debug|Any CPU.ActiveCfg = Debug|Any CPU
		{8B3DEDDE-15A3-4285-B62E-DF8A00211925}.Debug|Any CPU.Build.0 = Debug|Any CPU
		{8B3DEDDE-15A3-4285-B62E-DF8A00211925}.Debug|x64.ActiveCfg = Debug|Any CPU
		{8B3DEDDE-15A3-4285-B62E-DF8A00211925}.Debug|x64.Build.0 = Debug|Any CPU
		{8B3DEDDE-15A3-4285-B62E-DF8A00211925}.Debug|x86.ActiveCfg = Debug|Any CPU
		{8B3DEDDE-15A3-4285-B62E-DF8A00211925}.Debug|x86.Build.0 = Debug|Any CPU
		{8B3DEDDE-15A3-4285-B62E-DF8A00211925}.Release|Any CPU.ActiveCfg = Release|Any CPU
		{8B3DEDDE-15A3-4285-B62E-DF8A00211925}.Release|Any CPU.Build.0 = Release|Any CPU
		{8B3DEDDE-15A3-4285-B62E-DF8A00211925}.Release|x64.ActiveCfg = Release|Any CPU
		{8B3DEDDE-15A3-4285-B62E-DF8A00211925}.Release|x64.Build.0 = Release|Any CPU
		{8B3DEDDE-15A3-4285-B62E-DF8A00211925}.Release|x86.ActiveCfg = Release|Any CPU
		{8B3DEDDE-15A3-4285-B62E-DF8A00211925}.Release|x86.Build.0 = Release|Any CPU
		{8FD5F838-E270-40A7-A27F-06054E1657EE}.Debug|Any CPU.ActiveCfg = Debug|Any CPU
		{8FD5F838-E270-40A7-A27F-06054E1657EE}.Debug|Any CPU.Build.0 = Debug|Any CPU
		{8FD5F838-E270-40A7-A27F-06054E1657EE}.Debug|x64.ActiveCfg = Debug|Any CPU
		{8FD5F838-E270-40A7-A27F-06054E1657EE}.Debug|x64.Build.0 = Debug|Any CPU
		{8FD5F838-E270-40A7-A27F-06054E1657EE}.Debug|x86.ActiveCfg = Debug|Any CPU
		{8FD5F838-E270-40A7-A27F-06054E1657EE}.Debug|x86.Build.0 = Debug|Any CPU
		{8FD5F838-E270-40A7-A27F-06054E1657EE}.Release|Any CPU.ActiveCfg = Release|Any CPU
		{8FD5F838-E270-40A7-A27F-06054E1657EE}.Release|Any CPU.Build.0 = Release|Any CPU
		{8FD5F838-E270-40A7-A27F-06054E1657EE}.Release|x64.ActiveCfg = Release|Any CPU
		{8FD5F838-E270-40A7-A27F-06054E1657EE}.Release|x64.Build.0 = Release|Any CPU
		{8FD5F838-E270-40A7-A27F-06054E1657EE}.Release|x86.ActiveCfg = Release|Any CPU
		{8FD5F838-E270-40A7-A27F-06054E1657EE}.Release|x86.Build.0 = Release|Any CPU
		{3691B0F4-B9FC-4C81-9362-0670EA03F7FD}.Debug|Any CPU.ActiveCfg = Debug|Any CPU
		{3691B0F4-B9FC-4C81-9362-0670EA03F7FD}.Debug|Any CPU.Build.0 = Debug|Any CPU
		{3691B0F4-B9FC-4C81-9362-0670EA03F7FD}.Debug|x64.ActiveCfg = Debug|Any CPU
		{3691B0F4-B9FC-4C81-9362-0670EA03F7FD}.Debug|x64.Build.0 = Debug|Any CPU
		{3691B0F4-B9FC-4C81-9362-0670EA03F7FD}.Debug|x86.ActiveCfg = Debug|Any CPU
		{3691B0F4-B9FC-4C81-9362-0670EA03F7FD}.Debug|x86.Build.0 = Debug|Any CPU
		{3691B0F4-B9FC-4C81-9362-0670EA03F7FD}.Release|Any CPU.ActiveCfg = Release|Any CPU
		{3691B0F4-B9FC-4C81-9362-0670EA03F7FD}.Release|Any CPU.Build.0 = Release|Any CPU
		{3691B0F4-B9FC-4C81-9362-0670EA03F7FD}.Release|x64.ActiveCfg = Release|Any CPU
		{3691B0F4-B9FC-4C81-9362-0670EA03F7FD}.Release|x64.Build.0 = Release|Any CPU
		{3691B0F4-B9FC-4C81-9362-0670EA03F7FD}.Release|x86.ActiveCfg = Release|Any CPU
		{3691B0F4-B9FC-4C81-9362-0670EA03F7FD}.Release|x86.Build.0 = Release|Any CPU
	EndGlobalSection
	GlobalSection(SolutionProperties) = preSolution
		HideSolutionNode = FALSE
	EndGlobalSection
	GlobalSection(NestedProjects) = preSolution
		{B076BD3E-D7BB-40F2-A1FA-99DC576F3A89} = {827E0CD3-B72D-47B6-A68D-7590B98EB39B}
		{DB9B87A8-B0D3-4B94-8601-BF41881F4B83} = {827E0CD3-B72D-47B6-A68D-7590B98EB39B}
		{D972C15A-29A2-4AAB-B8B5-5A12E9808E4D} = {827E0CD3-B72D-47B6-A68D-7590B98EB39B}
		{F609B1D3-35EB-48AE-8FD1-338DD3B1B9DC} = {827E0CD3-B72D-47B6-A68D-7590B98EB39B}
		{53F51FA7-6690-4F93-9A6F-2E5A4B1EA69F} = {827E0CD3-B72D-47B6-A68D-7590B98EB39B}
		{8B3DEDDE-15A3-4285-B62E-DF8A00211925} = {827E0CD3-B72D-47B6-A68D-7590B98EB39B}
		{8FD5F838-E270-40A7-A27F-06054E1657EE} = {827E0CD3-B72D-47B6-A68D-7590B98EB39B}
		{3691B0F4-B9FC-4C81-9362-0670EA03F7FD} = {827E0CD3-B72D-47B6-A68D-7590B98EB39B}
	EndGlobalSection
EndGlobal
